{
  "name": "clash-bot-v2",
  "version": "2.0.0",
  "lockfileVersion": 1,
  "requires": true,
  "dependencies": {
    "ansi-regex": {
      "version": "https://registry.npmjs.org/ansi-regex/-/ansi-regex-2.1.1.tgz",
      "integrity": "sha1-w7M6te42DYbg5ijwRorn7yfWVN8="
    },
    "aproba": {
      "version": "https://registry.npmjs.org/aproba/-/aproba-1.2.0.tgz",
      "integrity": "sha1-aALmJk79GMeQobDVF/DyYnvyyUo="
    },
    "are-we-there-yet": {
      "version": "https://registry.npmjs.org/are-we-there-yet/-/are-we-there-yet-1.1.4.tgz",
      "integrity": "sha1-u13KOCu5TwXhUZQ3PRb9O6HKEQ0=",
      "requires": {
        "delegates": "https://registry.npmjs.org/delegates/-/delegates-1.0.0.tgz",
        "readable-stream": "https://registry.npmjs.org/readable-stream/-/readable-stream-2.3.3.tgz"
      }
    },
    "async-limiter": {
      "version": "https://registry.npmjs.org/async-limiter/-/async-limiter-1.0.0.tgz",
      "integrity": "sha1-ePrtjD0HSrgfIrTphdeehzj3IPg="
    },
    "babel-runtime": {
      "version": "https://registry.npmjs.org/babel-runtime/-/babel-runtime-6.26.0.tgz",
      "integrity": "sha1-llxwWGaOgrVde/4E/yM3vItWR/4=",
      "requires": {
        "core-js": "https://registry.npmjs.org/core-js/-/core-js-2.5.3.tgz",
        "regenerator-runtime": "https://registry.npmjs.org/regenerator-runtime/-/regenerator-runtime-0.11.1.tgz"
      }
    },
    "bad-words": {
      "version": "1.6.1",
      "resolved": "https://registry.npmjs.org/bad-words/-/bad-words-1.6.1.tgz",
      "integrity": "sha1-BkgwIZUanYD7X8qi8Nmh51p0W1A=",
      "requires": {
        "badwords-list": "1.0.0"
      }
    },
    "badwords-list": {
      "version": "1.0.0",
      "resolved": "https://registry.npmjs.org/badwords-list/-/badwords-list-1.0.0.tgz",
      "integrity": "sha1-XphW2/E0gqKVw7CzBK+51M/FxXk="
    },
    "bindings": {
      "version": "https://registry.npmjs.org/bindings/-/bindings-1.3.0.tgz",
      "integrity": "sha1-s0b27PapX1qBXFg5/HzbIlAvHtc="
    },
    "bl": {
      "version": "https://registry.npmjs.org/bl/-/bl-1.2.1.tgz",
      "integrity": "sha1-ysMo977kVzDUBLaSID/LWQ4XLV4=",
      "requires": {
        "readable-stream": "https://registry.npmjs.org/readable-stream/-/readable-stream-2.3.3.tgz"
      }
    },
    "bufferutil": {
      "version": "https://registry.npmjs.org/bufferutil/-/bufferutil-3.0.3.tgz",
      "integrity": "sha1-zmfK794iglkeOZUoRn/mI/aPS9U=",
      "requires": {
        "bindings": "https://registry.npmjs.org/bindings/-/bindings-1.3.0.tgz",
        "nan": "https://registry.npmjs.org/nan/-/nan-2.7.0.tgz",
        "prebuild-install": "https://registry.npmjs.org/prebuild-install/-/prebuild-install-2.3.0.tgz"
      }
    },
    "chownr": {
      "version": "https://registry.npmjs.org/chownr/-/chownr-1.0.1.tgz",
      "integrity": "sha1-4qdQQqlVGQi+vSW4Uj1fl2nXkYE="
    },
    "clone": {
      "version": "https://registry.npmjs.org/clone/-/clone-1.0.3.tgz",
      "integrity": "sha1-KY1+IjFmD0DAA8LtMUDezz9TCF8="
    },
    "code-point-at": {
      "version": "https://registry.npmjs.org/code-point-at/-/code-point-at-1.1.0.tgz",
      "integrity": "sha1-DQcLTQQ6W+ozovGkDi7bPZpMz3c="
    },
    "colors": {
      "version": "https://registry.npmjs.org/colors/-/colors-1.1.2.tgz",
      "integrity": "sha1-FopHAXVran9RoSzgyXv6KMCE7WM="
    },
    "columnify": {
      "version": "https://registry.npmjs.org/columnify/-/columnify-1.5.4.tgz",
      "integrity": "sha1-Rzfd8ce2mop8NAVweC6UfuyOeLs=",
      "requires": {
        "strip-ansi": "https://registry.npmjs.org/strip-ansi/-/strip-ansi-3.0.1.tgz",
        "wcwidth": "https://registry.npmjs.org/wcwidth/-/wcwidth-1.0.1.tgz"
      }
    },
    "common-tags": {
      "version": "https://registry.npmjs.org/common-tags/-/common-tags-1.6.0.tgz",
      "integrity": "sha1-eI5LzFgvFpk+WyyS92scy4BzFTc=",
      "requires": {
        "babel-runtime": "https://registry.npmjs.org/babel-runtime/-/babel-runtime-6.26.0.tgz"
      }
    },
    "console-control-strings": {
      "version": "https://registry.npmjs.org/console-control-strings/-/console-control-strings-1.1.0.tgz",
      "integrity": "sha1-PXz0Rk22RG6mRL9LOVB/mFEAjo4="
    },
    "cookie": {
      "version": "0.3.1",
      "resolved": "https://registry.npmjs.org/cookie/-/cookie-0.3.1.tgz",
      "integrity": "sha1-5+Ch+e9DtMi6klxcWpboBtFoc7s="
    },
    "core-js": {
      "version": "https://registry.npmjs.org/core-js/-/core-js-2.5.3.tgz",
      "integrity": "sha1-isw4NFgk8W2DZbfJtCWRaOjtYD4="
    },
    "core-util-is": {
      "version": "https://registry.npmjs.org/core-util-is/-/core-util-is-1.0.2.tgz",
      "integrity": "sha1-tf1UIgqivFq1eqtxQMlAdUUDwac="
    },
    "deep-extend": {
      "version": "https://registry.npmjs.org/deep-extend/-/deep-extend-0.4.2.tgz",
      "integrity": "sha1-SLaZwn4zS/ifEIkr5DL25MfTSn8="
    },
    "defaults": {
      "version": "https://registry.npmjs.org/defaults/-/defaults-1.0.3.tgz",
      "integrity": "sha1-xlYFHpgX2f8I7YgUd/P+QBnz730=",
      "requires": {
        "clone": "https://registry.npmjs.org/clone/-/clone-1.0.3.tgz"
      }
    },
    "delegates": {
      "version": "https://registry.npmjs.org/delegates/-/delegates-1.0.0.tgz",
      "integrity": "sha1-hMbhWbgZBP3KWaDvRM2HDTElD5o="
    },
    "discord.js": {
      "version": "https://registry.npmjs.org/discord.js/-/discord.js-11.2.1.tgz",
      "integrity": "sha1-v8D1qLY5jcNy0CblA1kmRkVgU/w=",
      "requires": {
        "long": "https://registry.npmjs.org/long/-/long-3.2.0.tgz",
        "prism-media": "https://registry.npmjs.org/prism-media/-/prism-media-0.0.1.tgz",
        "snekfetch": "https://registry.npmjs.org/snekfetch/-/snekfetch-3.6.1.tgz",
        "tweetnacl": "https://registry.npmjs.org/tweetnacl/-/tweetnacl-1.0.0.tgz",
        "ws": "https://registry.npmjs.org/ws/-/ws-3.3.3.tgz"
      }
    },
    "discord.js-commando": {
      "version": "https://registry.npmjs.org/discord.js-commando/-/discord.js-commando-0.9.0.tgz",
      "integrity": "sha1-+dz+trjKuMxYXNXMfKbBxKmaLpQ=",
      "requires": {
        "common-tags": "https://registry.npmjs.org/common-tags/-/common-tags-1.6.0.tgz",
        "escape-string-regexp": "https://registry.npmjs.org/escape-string-regexp/-/escape-string-regexp-1.0.5.tgz",
        "require-all": "https://registry.npmjs.org/require-all/-/require-all-2.2.0.tgz"
      }
    },
    "end-of-stream": {
      "version": "https://registry.npmjs.org/end-of-stream/-/end-of-stream-1.4.0.tgz",
      "integrity": "sha1-epDYM+/abPpurA9JSduw+tOmMgY=",
      "requires": {
        "once": "https://registry.npmjs.org/once/-/once-1.4.0.tgz"
      }
    },
    "escape-string-regexp": {
      "version": "https://registry.npmjs.org/escape-string-regexp/-/escape-string-regexp-1.0.5.tgz",
      "integrity": "sha1-G2HAViGQqN/2rjuyzwIAyhMLhtQ="
    },
    "expand-template": {
      "version": "https://registry.npmjs.org/expand-template/-/expand-template-1.1.0.tgz",
      "integrity": "sha1-4J77qXe/mPnuDtJavQxpLgKuw/w="
    },
    "gauge": {
      "version": "https://registry.npmjs.org/gauge/-/gauge-2.7.4.tgz",
      "integrity": "sha1-LANAXHU4w51+s3sxcCLjJfsBi/c=",
      "requires": {
        "aproba": "https://registry.npmjs.org/aproba/-/aproba-1.2.0.tgz",
        "console-control-strings": "https://registry.npmjs.org/console-control-strings/-/console-control-strings-1.1.0.tgz",
        "has-unicode": "https://registry.npmjs.org/has-unicode/-/has-unicode-2.0.1.tgz",
        "object-assign": "https://registry.npmjs.org/object-assign/-/object-assign-4.1.1.tgz",
        "signal-exit": "https://registry.npmjs.org/signal-exit/-/signal-exit-3.0.2.tgz",
        "string-width": "https://registry.npmjs.org/string-width/-/string-width-1.0.2.tgz",
        "strip-ansi": "https://registry.npmjs.org/strip-ansi/-/strip-ansi-3.0.1.tgz",
        "wide-align": "https://registry.npmjs.org/wide-align/-/wide-align-1.1.2.tgz"
      }
    },
    "github-from-package": {
      "version": "https://registry.npmjs.org/github-from-package/-/github-from-package-0.0.0.tgz",
      "integrity": "sha1-l/tdlr/eiXMxPyDoKI75oWf6ZM4="
    },
    "has-unicode": {
      "version": "https://registry.npmjs.org/has-unicode/-/has-unicode-2.0.1.tgz",
      "integrity": "sha1-4Ob+aijPUROIVeCG0Wkedx3iqLk="
    },
    "inherits": {
      "version": "https://registry.npmjs.org/inherits/-/inherits-2.0.3.tgz",
      "integrity": "sha1-Yzwsg+PaQqUC9SRmAiSA9CCCYd4="
    },
    "ini": {
      "version": "https://registry.npmjs.org/ini/-/ini-1.3.5.tgz",
      "integrity": "sha1-7uJfVtscnsYIXgwid4CD9Zar+Sc="
    },
    "is-fullwidth-code-point": {
      "version": "https://registry.npmjs.org/is-fullwidth-code-point/-/is-fullwidth-code-point-1.0.0.tgz",
      "integrity": "sha1-754xOG8DGn8NZDr4L95QxFfvAMs=",
      "requires": {
        "number-is-nan": "https://registry.npmjs.org/number-is-nan/-/number-is-nan-1.0.1.tgz"
      }
    },
    "isarray": {
      "version": "https://registry.npmjs.org/isarray/-/isarray-1.0.0.tgz",
      "integrity": "sha1-u5NdSFgsuhaMBoNJV6VKPgcSTxE="
    },
    "lodash": {
      "version": "4.17.4",
      "resolved": "https://registry.npmjs.org/lodash/-/lodash-4.17.4.tgz",
      "integrity": "sha1-eCA6TRwyiuHYbcpkYONptX9AVa4="
    },
    "long": {
      "version": "https://registry.npmjs.org/long/-/long-3.2.0.tgz",
      "integrity": "sha1-2CG3E4yhy1gcFymQ7xTbIAtcR0s="
    },
    "lsmod": {
      "version": "1.0.0",
      "resolved": "https://registry.npmjs.org/lsmod/-/lsmod-1.0.0.tgz",
      "integrity": "sha1-mgD3bco26yP6BTUK/htYXUKZ5ks="
    },
    "minimist": {
      "version": "https://registry.npmjs.org/minimist/-/minimist-0.0.8.tgz",
      "integrity": "sha1-hX/Kv8M5fSYluCKCYuhqp6ARsF0="
    },
    "mkdirp": {
      "version": "https://registry.npmjs.org/mkdirp/-/mkdirp-0.5.1.tgz",
      "integrity": "sha1-MAV0OOrGz3+MR2fzhkjWaX11yQM=",
      "requires": {
        "minimist": "https://registry.npmjs.org/minimist/-/minimist-0.0.8.tgz"
      }
    },
    "nan": {
      "version": "https://registry.npmjs.org/nan/-/nan-2.7.0.tgz",
      "integrity": "sha1-2Vv3IeyHfgjbJ27T/G63j5CDrUY="
    },
    "node-abi": {
      "version": "https://registry.npmjs.org/node-abi/-/node-abi-2.1.2.tgz",
      "integrity": "sha1-TabKzrZoX80x590ZlO9rt9CpwLI=",
      "requires": {
        "semver": "https://registry.npmjs.org/semver/-/semver-5.4.1.tgz"
      }
    },
    "node-gameloop": {
      "version": "https://registry.npmjs.org/node-gameloop/-/node-gameloop-0.1.4.tgz",
      "integrity": "sha1-nol9hzs7TaWcCwe7kZBZlhwb4og="
    },
    "node-json-db": {
      "version": "https://registry.npmjs.org/node-json-db/-/node-json-db-0.7.3.tgz",
      "integrity": "sha1-v2Mf9NTPQhHL3/5srmqq/m7lTN8=",
      "requires": {
        "mkdirp": "https://registry.npmjs.org/mkdirp/-/mkdirp-0.5.1.tgz"
      }
    },
    "noop-logger": {
      "version": "https://registry.npmjs.org/noop-logger/-/noop-logger-0.1.1.tgz",
      "integrity": "sha1-lKKxYzxPExdVMAfYlm/Q6EG2pMI="
    },
    "npmlog": {
      "version": "https://registry.npmjs.org/npmlog/-/npmlog-4.1.2.tgz",
      "integrity": "sha1-CKfyqL9zRgR3mp76StXMcXq7lUs=",
      "requires": {
        "are-we-there-yet": "https://registry.npmjs.org/are-we-there-yet/-/are-we-there-yet-1.1.4.tgz",
        "console-control-strings": "https://registry.npmjs.org/console-control-strings/-/console-control-strings-1.1.0.tgz",
        "gauge": "https://registry.npmjs.org/gauge/-/gauge-2.7.4.tgz",
        "set-blocking": "https://registry.npmjs.org/set-blocking/-/set-blocking-2.0.0.tgz"
      }
    },
    "number-is-nan": {
      "version": "https://registry.npmjs.org/number-is-nan/-/number-is-nan-1.0.1.tgz",
      "integrity": "sha1-CXtgK1NCKlIsGvuHkDGDNpQaAR0="
    },
    "object-assign": {
      "version": "https://registry.npmjs.org/object-assign/-/object-assign-4.1.1.tgz",
      "integrity": "sha1-IQmtx5ZYh8/AXLvUQsrIv7s2CGM="
    },
    "once": {
      "version": "https://registry.npmjs.org/once/-/once-1.4.0.tgz",
      "integrity": "sha1-WDsap3WWHUsROsF9nFC6753Xa9E=",
      "requires": {
        "wrappy": "https://registry.npmjs.org/wrappy/-/wrappy-1.0.2.tgz"
      }
    },
    "os-homedir": {
      "version": "https://registry.npmjs.org/os-homedir/-/os-homedir-1.0.2.tgz",
      "integrity": "sha1-/7xJiDNuDoM94MFox+8VISGqf7M="
    },
    "prebuild-install": {
      "version": "https://registry.npmjs.org/prebuild-install/-/prebuild-install-2.3.0.tgz",
      "integrity": "sha1-GUgSR99yi4VKtXsYfOI0IRMRtIU=",
      "requires": {
        "expand-template": "https://registry.npmjs.org/expand-template/-/expand-template-1.1.0.tgz",
        "github-from-package": "https://registry.npmjs.org/github-from-package/-/github-from-package-0.0.0.tgz",
        "minimist": "https://registry.npmjs.org/minimist/-/minimist-1.2.0.tgz",
        "mkdirp": "https://registry.npmjs.org/mkdirp/-/mkdirp-0.5.1.tgz",
        "node-abi": "https://registry.npmjs.org/node-abi/-/node-abi-2.1.2.tgz",
        "noop-logger": "https://registry.npmjs.org/noop-logger/-/noop-logger-0.1.1.tgz",
        "npmlog": "https://registry.npmjs.org/npmlog/-/npmlog-4.1.2.tgz",
        "os-homedir": "https://registry.npmjs.org/os-homedir/-/os-homedir-1.0.2.tgz",
        "pump": "https://registry.npmjs.org/pump/-/pump-1.0.3.tgz",
        "rc": "https://registry.npmjs.org/rc/-/rc-1.2.2.tgz",
        "simple-get": "https://registry.npmjs.org/simple-get/-/simple-get-1.4.3.tgz",
        "tar-fs": "https://registry.npmjs.org/tar-fs/-/tar-fs-1.16.0.tgz",
        "tunnel-agent": "https://registry.npmjs.org/tunnel-agent/-/tunnel-agent-0.6.0.tgz",
        "xtend": "https://registry.npmjs.org/xtend/-/xtend-4.0.1.tgz"
      },
      "dependencies": {
        "minimist": {
          "version": "https://registry.npmjs.org/minimist/-/minimist-1.2.0.tgz",
          "integrity": "sha1-o1AIsg9BOD7sH7kU9M1d95omQoQ="
        }
      }
    },
    "prism-media": {
      "version": "https://registry.npmjs.org/prism-media/-/prism-media-0.0.1.tgz",
      "integrity": "sha1-o0JcnKvVDRxsAuVDlBoRiVZnvRA="
    },
    "process-nextick-args": {
      "version": "https://registry.npmjs.org/process-nextick-args/-/process-nextick-args-1.0.7.tgz",
      "integrity": "sha1-FQ4gt1ZZCtP5EJPyWk8q2L/zC6M="
    },
    "profane": {
      "version": "1.3.0",
      "resolved": "https://registry.npmjs.org/profane/-/profane-1.3.0.tgz",
      "integrity": "sha1-S/PYF9ToeeTDNaEsqM50TSAtUaU=",
      "requires": {
        "escape-string-regexp": "https://registry.npmjs.org/escape-string-regexp/-/escape-string-regexp-1.0.5.tgz",
        "lodash": "4.17.4"
      }
    },
    "pump": {
      "version": "https://registry.npmjs.org/pump/-/pump-1.0.3.tgz",
      "integrity": "sha1-Xf6DEcM7v2/BgmH580cCxHwIqVQ=",
      "requires": {
        "end-of-stream": "https://registry.npmjs.org/end-of-stream/-/end-of-stream-1.4.0.tgz",
        "once": "https://registry.npmjs.org/once/-/once-1.4.0.tgz"
      }
    },
    "raven": {
      "version": "2.3.0",
      "resolved": "https://registry.npmjs.org/raven/-/raven-2.3.0.tgz",
      "integrity": "sha1-lvFTRr2qQzs7bUcTCARQYVWDPWk=",
      "requires": {
        "cookie": "0.3.1",
        "lsmod": "1.0.0",
        "stack-trace": "0.0.9",
        "timed-out": "4.0.1",
        "uuid": "3.0.0"
      }
    },
    "rc": {
      "version": "https://registry.npmjs.org/rc/-/rc-1.2.2.tgz",
      "integrity": "sha1-2M6ctX6NZNnHut2YdsfDTL48cHc=",
      "requires": {
        "deep-extend": "https://registry.npmjs.org/deep-extend/-/deep-extend-0.4.2.tgz",
        "ini": "https://registry.npmjs.org/ini/-/ini-1.3.5.tgz",
        "minimist": "https://registry.npmjs.org/minimist/-/minimist-1.2.0.tgz",
        "strip-json-comments": "https://registry.npmjs.org/strip-json-comments/-/strip-json-comments-2.0.1.tgz"
      },
      "dependencies": {
        "minimist": {
          "version": "https://registry.npmjs.org/minimist/-/minimist-1.2.0.tgz",
          "integrity": "sha1-o1AIsg9BOD7sH7kU9M1d95omQoQ="
        }
      }
    },
    "readable-stream": {
      "version": "https://registry.npmjs.org/readable-stream/-/readable-stream-2.3.3.tgz",
      "integrity": "sha1-No8lEtefnUb9/HE0mueHi7weuVw=",
      "requires": {
        "core-util-is": "https://registry.npmjs.org/core-util-is/-/core-util-is-1.0.2.tgz",
        "inherits": "https://registry.npmjs.org/inherits/-/inherits-2.0.3.tgz",
        "isarray": "https://registry.npmjs.org/isarray/-/isarray-1.0.0.tgz",
        "process-nextick-args": "https://registry.npmjs.org/process-nextick-args/-/process-nextick-args-1.0.7.tgz",
        "safe-buffer": "https://registry.npmjs.org/safe-buffer/-/safe-buffer-5.1.1.tgz",
        "string_decoder": "https://registry.npmjs.org/string_decoder/-/string_decoder-1.0.3.tgz",
        "util-deprecate": "https://registry.npmjs.org/util-deprecate/-/util-deprecate-1.0.2.tgz"
      }
    },
    "recoo": {
      "version": "1.0.8",
      "resolved": "https://registry.npmjs.org/recoo/-/recoo-1.0.8.tgz",
      "integrity": "sha1-l9R2hrDw5yS0hmAt1svRkTtgfP4="
    },
    "regenerator-runtime": {
      "version": "https://registry.npmjs.org/regenerator-runtime/-/regenerator-runtime-0.11.1.tgz",
      "integrity": "sha1-vgWtf5v30i4Fb5cmzuUBf78Z4uk="
    },
    "require-all": {
      "version": "https://registry.npmjs.org/require-all/-/require-all-2.2.0.tgz",
      "integrity": "sha1-tEIMIzrAKC0P9Jsnf7iAqLXeCJQ="
    },
    "safe-buffer": {
      "version": "https://registry.npmjs.org/safe-buffer/-/safe-buffer-5.1.1.tgz",
      "integrity": "sha1-iTMSr2myEj3vcfV4iQAWce6yyFM="
    },
    "semver": {
      "version": "https://registry.npmjs.org/semver/-/semver-5.4.1.tgz",
      "integrity": "sha1-4FnAnYVx8FQII3M0M1BdOi8AsY4="
    },
    "set-blocking": {
      "version": "https://registry.npmjs.org/set-blocking/-/set-blocking-2.0.0.tgz",
      "integrity": "sha1-BF+XgtARrppoA93TgrJDkrPYkPc="
    },
    "signal-exit": {
      "version": "https://registry.npmjs.org/signal-exit/-/signal-exit-3.0.2.tgz",
      "integrity": "sha1-tf3AjxKH6hF4Yo5BXiUTK3NkbG0="
    },
    "simple-get": {
      "version": "https://registry.npmjs.org/simple-get/-/simple-get-1.4.3.tgz",
      "integrity": "sha1-6XVe2kB+ltpAxeUVjJ6jezO+y+s=",
      "requires": {
        "once": "https://registry.npmjs.org/once/-/once-1.4.0.tgz",
        "unzip-response": "https://registry.npmjs.org/unzip-response/-/unzip-response-1.0.2.tgz",
        "xtend": "https://registry.npmjs.org/xtend/-/xtend-4.0.1.tgz"
      }
    },
    "snekfetch": {
      "version": "https://registry.npmjs.org/snekfetch/-/snekfetch-3.6.1.tgz",
      "integrity": "sha1-m3f6lGz6FccEGUBZOiaJ3FR0J+o="
    },
    "stack-trace": {
      "version": "0.0.9",
      "resolved": "https://registry.npmjs.org/stack-trace/-/stack-trace-0.0.9.tgz",
      "integrity": "sha1-qPbq7KkGdMMz58Q5U/J1tFFRBpU="
    },
    "string-width": {
      "version": "https://registry.npmjs.org/string-width/-/string-width-1.0.2.tgz",
      "integrity": "sha1-EYvfW4zcUaKn5w0hHgfisLmxB9M=",
      "requires": {
        "code-point-at": "https://registry.npmjs.org/code-point-at/-/code-point-at-1.1.0.tgz",
        "is-fullwidth-code-point": "https://registry.npmjs.org/is-fullwidth-code-point/-/is-fullwidth-code-point-1.0.0.tgz",
        "strip-ansi": "https://registry.npmjs.org/strip-ansi/-/strip-ansi-3.0.1.tgz"
      }
    },
    "string_decoder": {
      "version": "https://registry.npmjs.org/string_decoder/-/string_decoder-1.0.3.tgz",
      "integrity": "sha1-D8Z9fBQYJd6UKC3VNr7GubzoYKs=",
      "requires": {
        "safe-buffer": "https://registry.npmjs.org/safe-buffer/-/safe-buffer-5.1.1.tgz"
      }
    },
    "strip-ansi": {
      "version": "https://registry.npmjs.org/strip-ansi/-/strip-ansi-3.0.1.tgz",
      "integrity": "sha1-ajhfuIU9lS1f8F0Oiq+UJ43GPc8=",
      "requires": {
        "ansi-regex": "https://registry.npmjs.org/ansi-regex/-/ansi-regex-2.1.1.tgz"
      }
    },
    "strip-json-comments": {
      "version": "https://registry.npmjs.org/strip-json-comments/-/strip-json-comments-2.0.1.tgz",
      "integrity": "sha1-PFMZQukIwml8DsNEhYwobHygpgo="
    },
    "swearjar": {
      "version": "0.2.0",
      "resolved": "https://registry.npmjs.org/swearjar/-/swearjar-0.2.0.tgz",
      "integrity": "sha1-w/Gje/zXye+z1mY8mNTBAqnjyj0="
    },
    "tar-fs": {
      "version": "https://registry.npmjs.org/tar-fs/-/tar-fs-1.16.0.tgz",
      "integrity": "sha1-6HeiWsvMUdjHkNocV8nPQ5gXuJY=",
      "requires": {
        "chownr": "https://registry.npmjs.org/chownr/-/chownr-1.0.1.tgz",
        "mkdirp": "https://registry.npmjs.org/mkdirp/-/mkdirp-0.5.1.tgz",
        "pump": "https://registry.npmjs.org/pump/-/pump-1.0.3.tgz",
        "tar-stream": "https://registry.npmjs.org/tar-stream/-/tar-stream-1.5.5.tgz"
      }
    },
    "tar-stream": {
      "version": "https://registry.npmjs.org/tar-stream/-/tar-stream-1.5.5.tgz",
      "integrity": "sha1-XK2Ed59FyDsfJQjZawnYjHIYr1U=",
      "requires": {
        "bl": "https://registry.npmjs.org/bl/-/bl-1.2.1.tgz",
        "end-of-stream": "https://registry.npmjs.org/end-of-stream/-/end-of-stream-1.4.0.tgz",
        "readable-stream": "https://registry.npmjs.org/readable-stream/-/readable-stream-2.3.3.tgz",
        "xtend": "https://registry.npmjs.org/xtend/-/xtend-4.0.1.tgz"
      }
    },
    "timed-out": {
      "version": "4.0.1",
      "resolved": "https://registry.npmjs.org/timed-out/-/timed-out-4.0.1.tgz",
      "integrity": "sha1-8y6srFoXW+ol1/q1Zas+2HQe9W8="
    },
    "tunnel-agent": {
      "version": "https://registry.npmjs.org/tunnel-agent/-/tunnel-agent-0.6.0.tgz",
      "integrity": "sha1-J6XeoGs2sEoKmWZ3SykIaPD8QP0=",
      "requires": {
        "safe-buffer": "https://registry.npmjs.org/safe-buffer/-/safe-buffer-5.1.1.tgz"
      }
    },
    "tweetnacl": {
      "version": "https://registry.npmjs.org/tweetnacl/-/tweetnacl-1.0.0.tgz",
      "integrity": "sha1-cT2LgY2kIGh0C/aDhtBHnmb8ins="
    },
    "ultron": {
      "version": "https://registry.npmjs.org/ultron/-/ultron-1.1.1.tgz",
      "integrity": "sha1-n+FTahCmZKZSZqHjzPhf02MCvJw="
    },
    "unzip-response": {
      "version": "https://registry.npmjs.org/unzip-response/-/unzip-response-1.0.2.tgz",
      "integrity": "sha1-uYTwh3/AqJwsdzzB73tbIytbBv4="
    },
    "util-deprecate": {
      "version": "https://registry.npmjs.org/util-deprecate/-/util-deprecate-1.0.2.tgz",
      "integrity": "sha1-RQ1Nyfpw3nMnYvvS1KKJgUGaDM8="
    },
    "uuid": {
      "version": "3.0.0",
      "resolved": "https://registry.npmjs.org/uuid/-/uuid-3.0.0.tgz",
      "integrity": "sha1-Zyj8BFnEUNeWqZwxg3VpvfZy1yg="
    },
    "uws": {
      "version": "https://registry.npmjs.org/uws/-/uws-9.14.0.tgz",
      "integrity": "sha1-+sg4a+/DOno3BcvVjcR7Qwyk3ZU="
    },
    "wcwidth": {
      "version": "https://registry.npmjs.org/wcwidth/-/wcwidth-1.0.1.tgz",
      "integrity": "sha1-8LDc+RW8X/FSivrbLA4XtTLaL+g=",
      "requires": {
        "defaults": "https://registry.npmjs.org/defaults/-/defaults-1.0.3.tgz"
      }
    },
    "wide-align": {
      "version": "https://registry.npmjs.org/wide-align/-/wide-align-1.1.2.tgz",
      "integrity": "sha1-Vx4PGwYEY268DfwhsDObvjE0FxA=",
      "requires": {
        "string-width": "https://registry.npmjs.org/string-width/-/string-width-1.0.2.tgz"
      }
    },
    "wrappy": {
      "version": "https://registry.npmjs.org/wrappy/-/wrappy-1.0.2.tgz",
      "integrity": "sha1-tSQ9jz7BqjXxNkYFvA0QNuMKtp8="
    },
    "ws": {
      "version": "https://registry.npmjs.org/ws/-/ws-3.3.3.tgz",
      "integrity": "sha1-8c+E/i1ekB686U767OeF8YeiKPI=",
      "requires": {
        "async-limiter": "https://registry.npmjs.org/async-limiter/-/async-limiter-1.0.0.tgz",
        "safe-buffer": "https://registry.npmjs.org/safe-buffer/-/safe-buffer-5.1.1.tgz",
        "ultron": "https://registry.npmjs.org/ultron/-/ultron-1.1.1.tgz"
      }
    },
    "xtend": {
      "version": "https://registry.npmjs.org/xtend/-/xtend-4.0.1.tgz",
      "integrity": "sha1-pcbVMr5lbiPbgg77lDofBJmNY68="
    }
  }
}
